// !$*UTF8*$!
{
	archiveVersion = 1;
	classes = {};
	objectVersion = 60;
	objects = {
		B00000000000000000000001 = {isa = PBXBuildFile; fileRef = F00000000000000000000001; };
		B00000000000000000000002 = {isa = PBXBuildFile; fileRef = F00000000000000000000002; };
		B00000000000000000000003 = {isa = PBXBuildFile; fileRef = F00000000000000000000003; };
		B00000000000000000000004 = {isa = PBXBuildFile; fileRef = F00000000000000000000004; };
		B00000000000000000000005 = {isa = PBXBuildFile; fileRef = F00000000000000000000005; };
		B00000000000000000000006 = {isa = PBXBuildFile; productRef = P00000000000000000000001; };
		B00000000000000000000007 = {isa = PBXBuildFile; productRef = P00000000000000000000002; };
		B00000000000000000000008 = {isa = PBXBuildFile; fileRef = F00000000000000000000008; };
		B00000000000000000000009 = {isa = PBXBuildFile; fileRef = F00000000000000000000009; };
		B0000000000000000000000C = {isa = PBXBuildFile; fileRef = F0000000000000000000000C; };
		B0000000000000000000000D = {isa = PBXBuildFile; fileRef = F0000000000000000000000D; };
		B0000000000000000000000F = {isa = PBXBuildFile; fileRef = F0000000000000000000000F; };
		B00000000000000000000010 = {isa = PBXBuildFile; productRef = P00000000000000000000003; };
		B00000000000000000000011 = {isa = PBXBuildFile; fileRef = F00000000000000000000011; };
		B00000000000000000000012 = {isa = PBXBuildFile; fileRef = F00000000000000000000012; };
		C00000000000000000000001 = {isa = PBXSourcesBuildPhase; buildActionMask = 2147483647; files = (B00000000000000000000001, B00000000000000000000002, B00000000000000000000003, B00000000000000000000004, B00000000000000000000008, B0000000000000000000000C, B0000000000000000000000D, B0000000000000000000000F, B00000000000000000000012,); runOnlyForDeploymentPostprocessing = 0; };
		C00000000000000000000002 = {isa = PBXFrameworksBuildPhase; buildActionMask = 2147483647; files = (B00000000000000000000006, B00000000000000000000010,); runOnlyForDeploymentPostprocessing = 0; };
		C00000000000000000000003 = {isa = PBXResourcesBuildPhase; buildActionMask = 2147483647; files = (B00000000000000000000009, B00000000000000000000011,); runOnlyForDeploymentPostprocessing = 0; };
		C00000000000000000000004 = {isa = PBXSourcesBuildPhase; buildActionMask = 2147483647; files = (B00000000000000000000005,); runOnlyForDeploymentPostprocessing = 0; };
		C00000000000000000000005 = {isa = PBXFrameworksBuildPhase; buildActionMask = 2147483647; files = (B00000000000000000000007,); runOnlyForDeploymentPostprocessing = 0; };
		C00000000000000000000006 = {isa = PBXResourcesBuildPhase; buildActionMask = 2147483647; files = (); runOnlyForDeploymentPostprocessing = 0; };
		D00000000000000000000001 = {isa = PBXProject; attributes = {BuildIndependentTargetsInParallel = YES; LastUpgradeCheck = 2600; TargetAttributes = {A00000000000000000000001 = {CreatedOnToolsVersion = 26.0; }; A00000000000000000000002 = {CreatedOnToolsVersion = 26.0; TestTargetID = A00000000000000000000001; }; }; }; buildConfigurationList = L00000000000000000000001; compatibilityVersion = "Xcode 16.0"; developmentRegion = en; hasScannedForEncodings = 0; knownRegions = (en, "zh-Hans", Base); mainGroup = E00000000000000000000001; packageReferences = (Q00000000000000000000001, R00000000000000000000001,); productRefGroup = E00000000000000000000004; projectDirPath = ""; projectRoot = ""; targets = (A00000000000000000000001, A00000000000000000000002, A00000000000000000000003,); };
		E00000000000000000000001 = {isa = PBXGroup; children = (E00000000000000000000002, E00000000000000000000003, E00000000000000000000004, E00000000000000000000005,); sourceTree = "<group>"; };
		E00000000000000000000002 = {isa = PBXGroup; children = (F00000000000000000000001, F00000000000000000000002, F00000000000000000000003, F00000000000000000000004, F00000000000000000000008, F00000000000000000000009, F0000000000000000000000C, F0000000000000000000000D, F0000000000000000000000E, F0000000000000000000000F, F00000000000000000000011, F00000000000000000000012,); path = VoiceStudioApp; sourceTree = "<group>"; };
		E00000000000000000000003 = {isa = PBXGroup; children = (F00000000000000000000005,); path = VoiceStudioTests; sourceTree = "<group>"; };
		E00000000000000000000004 = {isa = PBXGroup; children = (F00000000000000000000006, F00000000000000000000007, F00000000000000000000014,); name = Products; sourceTree = "<group>"; };
		F00000000000000000000001 = {isa = PBXFileReference; lastKnownFileType = sourcecode.swift; path = VoiceStudioApp.swift; sourceTree = "<group>"; };
		F00000000000000000000002 = {isa = PBXFileReference; lastKnownFileType = sourcecode.swift; path = VoiceStudioHome.swift; sourceTree = "<group>"; };
		F00000000000000000000003 = {isa = PBXFileReference; lastKnownFileType = sourcecode.swift; path = VoiceStudioModel.swift; sourceTree = "<group>"; };
		F00000000000000000000004 = {isa = PBXFileReference; lastKnownFileType = sourcecode.swift; path = AudioServices.swift; sourceTree = "<group>"; };
		F00000000000000000000005 = {isa = PBXFileReference; lastKnownFileType = sourcecode.swift; path = VoiceStudioAppTests.swift; sourceTree = "<group>"; };
		F00000000000000000000006 = {isa = PBXFileReference; explicitFileType = wrapper.application; includeInIndex = 0; path = VoiceStudio.app; sourceTree = BUILT_PRODUCTS_DIR; };
		F00000000000000000000007 = {isa = PBXFileReference; explicitFileType = wrapper.cfbundle; includeInIndex = 0; path = VoiceStudioTests.xctest; sourceTree = BUILT_PRODUCTS_DIR; };
		F00000000000000000000008 = {isa = PBXFileReference; lastKnownFileType = sourcecode.swift; path = AppLanguage.swift; sourceTree = "<group>"; };
		F00000000000000000000009 = {isa = PBXVariantGroup; children = (F0000000000000000000000A, F0000000000000000000000B,); name = Localizable.strings; sourceTree = "<group>"; };
		F0000000000000000000000A = {isa = PBXFileReference; lastKnownFileType = text.plist.strings; name = en; path = en.lproj/Localizable.strings; sourceTree = "<group>"; };
		F0000000000000000000000B = {isa = PBXFileReference; lastKnownFileType = text.plist.strings; name = "zh-Hans"; path = "zh-Hans.lproj/Localizable.strings"; sourceTree = "<group>"; };
		F0000000000000000000000C = {isa = PBXFileReference; lastKnownFileType = sourcecode.swift; path = SavedVoiceLibrary.swift; sourceTree = "<group>"; };
		F0000000000000000000000D = {isa = PBXFileReference; lastKnownFileType = sourcecode.swift; path = QwenRendererAdapter.swift; sourceTree = "<group>"; };
		F0000000000000000000000E = {isa = PBXFileReference; lastKnownFileType = sourcecode.c.h; path = VoiceStudio-Bridging-Header.h; sourceTree = "<group>"; };
		F0000000000000000000000F = {isa = PBXFileReference; lastKnownFileType = sourcecode.swift; path = DeveloperDiagnostics.swift; sourceTree = "<group>"; };
		F00000000000000000000011 = {isa = PBXFileReference; lastKnownFileType = folder.assetcatalog; path = Assets.xcassets; sourceTree = "<group>"; };
		F00000000000000000000012 = {isa = PBXFileReference; lastKnownFileType = sourcecode.swift; path = OpenVoiceCoreMLConverter.swift; sourceTree = "<group>"; };
		L00000000000000000000001 = {isa = XCConfigurationList; buildConfigurations = (X00000000000000000000001, X00000000000000000000002,); defaultConfigurationIsVisible = 0; defaultConfigurationName = Release; };
		L00000000000000000000002 = {isa = XCConfigurationList; buildConfigurations = (X00000000000000000000003, X00000000000000000000004,); defaultConfigurationIsVisible = 0; defaultConfigurationName = Release; };
		L00000000000000000000003 = {isa = XCConfigurationList; buildConfigurations = (X00000000000000000000005, X00000000000000000000006,); defaultConfigurationIsVisible = 0; defaultConfigurationName = Release; };
		A00000000000000000000001 = {isa = PBXNativeTarget; buildConfigurationList = L00000000000000000000002; buildPhases = (C00000000000000000000001, C00000000000000000000002, C00000000000000000000003,); buildRules = (); dependencies = (); name = VoiceStudio; packageProductDependencies = (P00000000000000000000001, P00000000000000000000003,); productName = VoiceStudio; productReference = F00000000000000000000006; productType = "com.apple.product-type.application"; };
		A00000000000000000000002 = {isa = PBXNativeTarget; buildConfigurationList = L00000000000000000000003; buildPhases = (C00000000000000000000004, C00000000000000000000005, C00000000000000000000006,); buildRules = (); dependencies = (Y00000000000000000000001,); name = VoiceStudioTests; packageProductDependencies = (P00000000000000000000002,); productName = VoiceStudioTests; productReference = F00000000000000000000007; productType = "com.apple.product-type.bundle.unit-test"; };
		N00000000000000000000001 = {isa = PBXContainerItemProxy; containerPortal = D00000000000000000000001; proxyType = 1; remoteGlobalIDString = A00000000000000000000001; remoteInfo = VoiceStudio; };
		Y00000000000000000000001 = {isa = PBXTargetDependency; target = A00000000000000000000001; targetProxy = N00000000000000000000001; };
		P00000000000000000000001 = {isa = XCSwiftPackageProductDependency; package = Q00000000000000000000001; productName = VoiceStudioCore; };
		P00000000000000000000002 = {isa = XCSwiftPackageProductDependency; package = Q00000000000000000000001; productName = VoiceStudioCore; };
		P00000000000000000000003 = {isa = XCSwiftPackageProductDependency; package = R00000000000000000000001; productName = KittenTTS; };
		Q00000000000000000000001 = {isa = XCLocalSwiftPackageReference; relativePath = VoiceStudioCore; };
		R00000000000000000000001 = {isa = XCRemoteSwiftPackageReference; repositoryURL = "https://github.com/KittenML/KittenTTS-swift"; requirement = {kind = exactVersion; version = 0.1.0; }; };
		X00000000000000000000001 = {isa = XCBuildConfiguration; buildSettings = {CLANG_ENABLE_MODULES = YES; ENABLE_TESTABILITY = YES; IPHONEOS_DEPLOYMENT_TARGET = 17.0; SDKROOT = iphoneos; SWIFT_ACTIVE_COMPILATION_CONDITIONS = "$(inherited) DEBUG"; SWIFT_VERSION = 5.0; }; name = Debug; };
		X00000000000000000000002 = {isa = XCBuildConfiguration; buildSettings = {CLANG_ENABLE_MODULES = YES; IPHONEOS_DEPLOYMENT_TARGET = 17.0; SDKROOT = iphoneos; SWIFT_VERSION = 5.0; }; name = Release; };
		X00000000000000000000003 = {isa = XCBuildConfiguration; buildSettings = {ASSETCATALOG_COMPILER_APPICON_NAME = AppIcon; CODE_SIGN_STYLE = Automatic; CURRENT_PROJECT_VERSION = 1; ENABLE_PREVIEWS = YES; GENERATE_INFOPLIST_FILE = YES; HEADER_SEARCH_PATHS = "$(SRCROOT)/../experiments/m2b-qwen-ios/upstream/src"; INFOPLIST_KEY_CFBundleDisplayName = "Voice Studio"; INFOPLIST_KEY_NSMicrophoneUsageDescription = "Voice Studio uses the microphone only when you actively tap Record to capture a voice reference."; INFOPLIST_KEY_UIApplicationSceneManifest_Generation = YES; INFOPLIST_KEY_UILaunchScreen_Generation = YES; IPHONEOS_DEPLOYMENT_TARGET = 17.0; LIBRARY_SEARCH_PATHS = ("$(SRCROOT)/../experiments/m2b-qwen-ios/build/formal-$(PLATFORM_NAME)/qwen", "$(SRCROOT)/../experiments/m2b-qwen-ios/build/formal-$(PLATFORM_NAME)/ggml/src",); MARKETING_VERSION = 0.1; OTHER_LDFLAGS = ("$(inherited)", "-lqwen3tts_ios", "-lqwen3_tts", "-laudio_tokenizer_decoder", "-laudio_tokenizer_encoder", "-ltts_transformer", "-ltext_tokenizer", "-lggml-cpu", "-lggml", "-lggml-base", "-framework", Foundation, "-lobjc", "-lc++",); PRODUCT_BUNDLE_IDENTIFIER = com.fireseed.voicestudio; PRODUCT_NAME = "$(TARGET_NAME)"; SDKROOT = iphoneos; SUPPORTED_PLATFORMS = "iphoneos iphonesimulator"; SWIFT_EMIT_LOC_STRINGS = YES; SWIFT_OBJC_BRIDGING_HEADER = "$(SRCROOT)/VoiceStudioApp/VoiceStudio-Bridging-Header.h"; SWIFT_VERSION = 5.0; TARGETED_DEVICE_FAMILY = 1; }; name = Debug; };
		X00000000000000000000004 = {isa = XCBuildConfiguration; buildSettings = {ASSETCATALOG_COMPILER_APPICON_NAME = AppIcon; CODE_SIGN_IDENTITY = "Apple Distribution"; CODE_SIGN_STYLE = Manual; CURRENT_PROJECT_VERSION = 1; DEVELOPMENT_TEAM = Z36ZADH7T7; GENERATE_INFOPLIST_FILE = YES; HEADER_SEARCH_PATHS = "$(SRCROOT)/../experiments/m2b-qwen-ios/upstream/src"; INFOPLIST_KEY_CFBundleDisplayName = "Voice Studio"; INFOPLIST_KEY_NSMicrophoneUsageDescription = "Voice Studio uses the microphone only when you actively tap Record to capture a voice reference."; INFOPLIST_KEY_UIApplicationSceneManifest_Generation = YES; INFOPLIST_KEY_UILaunchScreen_Generation = YES; IPHONEOS_DEPLOYMENT_TARGET = 17.0; LIBRARY_SEARCH_PATHS = ("$(SRCROOT)/../experiments/m2b-qwen-ios/build/formal-$(PLATFORM_NAME)/qwen", "$(SRCROOT)/../experiments/m2b-qwen-ios/build/formal-$(PLATFORM_NAME)/ggml/src",); MARKETING_VERSION = 0.1; OTHER_LDFLAGS = ("$(inherited)", "-lqwen3tts_ios", "-lqwen3_tts", "-laudio_tokenizer_decoder", "-laudio_tokenizer_encoder", "-ltts_transformer", "-ltext_tokenizer", "-lggml-cpu", "-lggml", "-lggml-base", "-framework", Foundation, "-lobjc", "-lc++",); PRODUCT_BUNDLE_IDENTIFIER = com.fireseed.voicestudio; PRODUCT_NAME = "$(TARGET_NAME)"; PROVISIONING_PROFILE_SPECIFIER = "$(VOICE_TESTFLIGHT_PROFILE_SPECIFIER)"; SDKROOT = iphoneos; SUPPORTED_PLATFORMS = "iphoneos iphonesimulator"; SWIFT_ACTIVE_COMPILATION_CONDITIONS = "$(inherited) VOICE_STUDIO_DEVELOPER_DIAGNOSTICS"; SWIFT_EMIT_LOC_STRINGS = YES; SWIFT_OBJC_BRIDGING_HEADER = "$(SRCROOT)/VoiceStudioApp/VoiceStudio-Bridging-Header.h"; SWIFT_VERSION = 5.0; TARGETED_DEVICE_FAMILY = 1; }; name = Release; };
		X00000000000000000000005 = {isa = XCBuildConfiguration; buildSettings = {BUNDLE_LOADER = "$(TEST_HOST)"; CODE_SIGN_STYLE = Automatic; GENERATE_INFOPLIST_FILE = YES; IPHONEOS_DEPLOYMENT_TARGET = 17.0; PRODUCT_BUNDLE_IDENTIFIER = com.fireseed.voicestudio.tests; PRODUCT_NAME = "$(TARGET_NAME)"; SDKROOT = iphoneos; SUPPORTED_PLATFORMS = "iphoneos iphonesimulator"; SWIFT_VERSION = 5.0; TARGETED_DEVICE_FAMILY = 1; TEST_HOST = "$(BUILT_PRODUCTS_DIR)/VoiceStudio.app/VoiceStudio"; }; name = Debug; };
		X00000000000000000000006 = {isa = XCBuildConfiguration; buildSettings = {BUNDLE_LOADER = "$(TEST_HOST)"; CODE_SIGN_STYLE = Automatic; GENERATE_INFOPLIST_FILE = YES; IPHONEOS_DEPLOYMENT_TARGET = 17.0; PRODUCT_BUNDLE_IDENTIFIER = com.fireseed.voicestudio.tests; PRODUCT_NAME = "$(TARGET_NAME)"; SDKROOT = iphoneos; SUPPORTED_PLATFORMS = "iphoneos iphonesimulator"; SWIFT_VERSION = 5.0; TARGETED_DEVICE_FAMILY = 1; TEST_HOST = "$(BUILT_PRODUCTS_DIR)/VoiceStudio.app/VoiceStudio"; }; name = Release; };

        B00000000000000000000013 = {isa = PBXBuildFile; fileRef = F00000000000000000000013; };
        F00000000000000000000013 = {isa = PBXFileReference; lastKnownFileType = sourcecode.swift; path = VoiceStudioUITests.swift; sourceTree = "<group>"; };
        F00000000000000000000014 = {isa = PBXFileReference; explicitFileType = wrapper.cfbundle; path = VoiceStudioUITests.xctest; sourceTree = BUILT_PRODUCTS_DIR; };
        E00000000000000000000005 = {isa = PBXGroup; children = (F00000000000000000000013,); path = VoiceStudioUITests; sourceTree = "<group>"; };
        C00000000000000000000007 = {isa = PBXSourcesBuildPhase; buildActionMask = 2147483647; files = (B00000000000000000000013,); runOnlyForDeploymentPostprocessing = 0; };
        C00000000000000000000008 = {isa = PBXFrameworksBuildPhase; buildActionMask = 2147483647; files = (); runOnlyForDeploymentPostprocessing = 0; };
        C00000000000000000000009 = {isa = PBXResourcesBuildPhase; buildActionMask = 2147483647; files = (); runOnlyForDeploymentPostprocessing = 0; };
        A00000000000000000000003 = {isa = PBXNativeTarget; buildConfigurationList = L00000000000000000000004; buildPhases = (C00000000000000000000007, C00000000000000000000008, C00000000000000000000009,); buildRules = (); dependencies = (Y00000000000000000000001,); name = VoiceStudioUITests; productName = VoiceStudioUITests; productReference = F00000000000000000000014; productType = "com.apple.product-type.bundle.ui-testing"; };
        L00000000000000000000004 = {isa = XCConfigurationList; buildConfigurations = (X00000000000000000000007, X00000000000000000000008,); defaultConfigurationIsVisible = 0; defaultConfigurationName = Release; };
        X00000000000000000000007 = {isa = XCBuildConfiguration; buildSettings = {CODE_SIGN_STYLE = Automatic; GENERATE_INFOPLIST_FILE = YES; IPHONEOS_DEPLOYMENT_TARGET = 17.0; PRODUCT_BUNDLE_IDENTIFIER = com.fireseed.voicestudio.uitests; PRODUCT_NAME = "$(TARGET_NAME)"; SDKROOT = iphoneos; SUPPORTED_PLATFORMS = "iphoneos iphonesimulator"; SWIFT_VERSION = 5.0; TARGETED_DEVICE_FAMILY = 1; TEST_TARGET_NAME = VoiceStudio; }; name = Debug; };
        X00000000000000000000008 = {isa = XCBuildConfiguration; buildSettings = {CODE_SIGN_STYLE = Automatic; GENERATE_INFOPLIST_FILE = YES; IPHONEOS_DEPLOYMENT_TARGET = 17.0; PRODUCT_BUNDLE_IDENTIFIER = com.fireseed.voicestudio.uitests; PRODUCT_NAME = "$(TARGET_NAME)"; SDKROOT = iphoneos; SUPPORTED_PLATFORMS = "iphoneos iphonesimulator"; SWIFT_VERSION = 5.0; TARGETED_DEVICE_FAMILY = 1; TEST_TARGET_NAME = VoiceStudio; }; name = Release; };
	};
	rootObject = D00000000000000000000001;
}
